
Microsoft Visual Studio Solution File, Format Version 12.00
# Visual Studio 15
VisualStudioVersion = 15.0.28307.1145
MinimumVisualStudioVersion = 10.0.40219.1
Project("{FAE04EC0-301F-11D3-BF4B-00C04F79EFBC}") = "TEST52", "TEST52\TEST52.csproj", "{EED4E7A4-F437-44DF-9DEA-F8769C8EDF49}"
EndProject
Global
	GlobalSection(SolutionConfigurationPlatforms) = preSolution
		Debug|Any CPU = Debug|Any CPU
		Release|Any CPU = Release|Any CPU
	EndGlobalSection
	GlobalSection(ProjectConfigurationPlatforms) = postSolution
		{EED4E7A4-F437-44DF-9DEA-F8769C8EDF49}.Debug|Any CPU.ActiveCfg = Debug|Any CPU
		{EED4E7A4-F437-44DF-9DEA-F8769C8EDF49}.Debug|Any CPU.Build.0 = Debug|Any CPU
		{EED4E7A4-F437-44DF-9DEA-F8769C8EDF49}.Release|Any CPU.ActiveCfg = Release|Any CPU
		{EED4E7A4-F437-44DF-9DEA-F8769C8EDF49}.Release|Any CPU.Build.0 = Release|Any CPU
	EndGlobalSection
	GlobalSection(SolutionProperties) = preSolution
		HideSolutionNode = FALSE
	EndGlobalSection
	GlobalSection(ExtensibilityGlobals) = postSolution
		SolutionGuid = {E1217789-5305-494F-B67E-DD3D2BE8DBE8}
	EndGlobalSection
EndGlobal
